{
  "version": "5",
  "redirects": {
    "https://esm.sh/@supabase/phoenix@^0.4.0?target=denonext": "https://esm.sh/@supabase/phoenix@0.4.0?target=denonext",
    "https://esm.sh/@supabase/supabase-js@2": "https://esm.sh/@supabase/supabase-js@2.103.2",
    "https://esm.sh/iceberg-js@^0.8.1?target=denonext": "https://esm.sh/iceberg-js@0.8.1?target=denonext"
  },
  "remote": {
    "https://esm.sh/@supabase/auth-js@2.103.2/denonext/auth-js.mjs": "18974046025d0e2cca7f0bd8b84d1f38aa558cb2b755a8955b180813713aae3c",
    "https://esm.sh/@supabase/functions-js@2.103.2/denonext/functions-js.mjs": "c020f2488bec52923a9b827403dc5fb01e99909c60863e2450d610f68accf170",
    "https://esm.sh/@supabase/phoenix@0.4.0/denonext/phoenix.mjs": "d9187057b2e3276d1110b9d814f737d4f8eff7f8b2765c4aa6bf7c7c30d070c9",
    "https://esm.sh/@supabase/phoenix@0.4.0?target=denonext": "c1df3cfcdcf13e9cfddf86181efbdd8d4099b9a2682188b74106596277a69d16",
    "https://esm.sh/@supabase/postgrest-js@2.103.2/denonext/postgrest-js.mjs": "3c3ec348985947a68cd25cf35de45b4f6a8bdf23a78e4ae8ced56245fbf8b82b",
    "https://esm.sh/@supabase/realtime-js@2.103.2/denonext/realtime-js.mjs": "dce82bd3e0a2317b19152bf2871d8c39b0c99edf830da96f79c39c610d1acacd",
    "https://esm.sh/@supabase/storage-js@2.103.2/denonext/storage-js.mjs": "7818321946600e79df3e5519b6ee082686a4c7c7a1bdc016bf7c24af43a37454",
    "https://esm.sh/@supabase/supabase-js@2.103.2": "1968d4a6cdad0a4f112bea9ede6ac2dccf0e42fd7a1668997b90854997aab8bc",
    "https://esm.sh/@supabase/supabase-js@2.103.2/denonext/supabase-js.mjs": "671683e34ebe01a8187cf96a64c3bcbcee6a3ce337e1f2b610e047a1d1fc54f3",
    "https://esm.sh/iceberg-js@0.8.1/denonext/iceberg-js.mjs": "d839d81a2e3966500ca2cdd0c1cb458e9608bacfc91f7bb67a69b2e878dcdb4f",
    "https://esm.sh/iceberg-js@0.8.1?target=denonext": "58c849d7fe2bf4eca4a84eb501e83c161a7d8c34ca1bec15a962b3bec3062633",
    "https://esm.sh/tslib@2.8.1/denonext/tslib.mjs": "c38da5dd6da6281964435002ce204cd586634fe3bdfb24a0ee116f48cf3292e9"
  },
  "workspace": {
    "packageJson": {
      "dependencies": [
        "npm:@firebase/auth-types@0.13",
        "npm:@supabase/supabase-js@^2.99.1",
        "npm:@types/node@^22.14.0",
        "npm:@vitejs/plugin-react@5",
        "npm:firebase@^12.9.0",
        "npm:lucide-react@0.575",
        "npm:react-dom@^19.2.4",
        "npm:react-router-dom@^7.13.1",
        "npm:react@^19.2.4",
        "npm:recharts@^3.7.0",
        "npm:tesseract.js@7",
        "npm:typescript@~5.8.2",
        "npm:vite@^6.2.0"
      ]
    }
  }
}
